
Microsoft Visual Studio Solution File, Format Version 12.00
# Visual Studio Version 17
VisualStudioVersion = 17.9.34701.34
MinimumVisualStudioVersion = 10.0.40219.1
Project("{FAE04EC0-301F-11D3-BF4B-00C04F79EFBC}") = "Repitition", "Repitition\Repitition.csproj", "{7B104CB2-514E-437A-AF35-EE205A7112D5}"
EndProject
Global
	GlobalSection(SolutionConfigurationPlatforms) = preSolution
		Debug|Any CPU = Debug|Any CPU
		Release|Any CPU = Release|Any CPU
	EndGlobalSection
	GlobalSection(ProjectConfigurationPlatforms) = postSolution
		{7B104CB2-514E-437A-AF35-EE205A7112D5}.Debug|Any CPU.ActiveCfg = Debug|Any CPU
		{7B104CB2-514E-437A-AF35-EE205A7112D5}.Debug|Any CPU.Build.0 = Debug|Any CPU
		{7B104CB2-514E-437A-AF35-EE205A7112D5}.Release|Any CPU.ActiveCfg = Release|Any CPU
		{7B104CB2-514E-437A-AF35-EE205A7112D5}.Release|Any CPU.Build.0 = Release|Any CPU
	EndGlobalSection
	GlobalSection(SolutionProperties) = preSolution
		HideSolutionNode = FALSE
	EndGlobalSection
	GlobalSection(ExtensibilityGlobals) = postSolution
		SolutionGuid = {44556003-CF60-4F59-9A80-ED9432E4160E}
	EndGlobalSection
EndGlobal
